
Microsoft Visual Studio Solution File, Format Version 12.00
# Visual Studio Version 17
VisualStudioVersion = 17.9.34622.214
MinimumVisualStudioVersion = 10.0.40219.1
Project("{2150E333-8FDC-42A3-9474-1A3956D46DE8}") = "src", "src", "{160B3DDE-C639-4B1C-A85B-692C8D4A23A9}"
EndProject
Project("{2150E333-8FDC-42A3-9474-1A3956D46DE8}") = "test", "test", "{4A3D97B3-2F7C-41B7-87CD-E376FD88B288}"
EndProject
Project("{2150E333-8FDC-42A3-9474-1A3956D46DE8}") = "Adapters", "Adapters", "{ABD9DB63-E0D5-4CAA-B700-0254974C4BB3}"
EndProject
Project("{2150E333-8FDC-42A3-9474-1A3956D46DE8}") = "Core", "Core", "{F7D0C19B-4CA6-457C-92EA-CEBEE363A28F}"
EndProject
Project("{9A19103F-16F7-4668-BE54-9A1E7A4F7556}") = "Postech8SOAT.FastOrder.Domain", "src\Postech8SOAT.FastOrder.Domain\Postech8SOAT.FastOrder.Domain.csproj", "{BDF8CA58-BB42-448E-8C5F-BC5708AA341A}"
EndProject
Project("{9A19103F-16F7-4668-BE54-9A1E7A4F7556}") = "Postech8SOAT.FastOrder.Domain.Tests", "test\Postech8SOAT.FastOrder.Domain.Tests\Postech8SOAT.FastOrder.Domain.Tests.csproj", "{0636A284-7C85-4AB1-9F33-D4FBD263090A}"
EndProject
Project("{2150E333-8FDC-42A3-9474-1A3956D46DE8}") = "certs", "certs", "{C99236CE-989D-4ED3-ADC6-D4146DA70DAA}"
	ProjectSection(SolutionItems) = preProject
		..\..\..\testes\fastorder.pfx = ..\..\..\testes\fastorder.pfx
	EndProjectSection
EndProject
Project("{2150E333-8FDC-42A3-9474-1A3956D46DE8}") = "Itens de Solução", "Itens de Solução", "{531F8F58-40A1-471D-8B64-568851329CBB}"
	ProjectSection(SolutionItems) = preProject
		.env.linux = .env.linux
		.env.windows = .env.windows
	EndProjectSection
EndProject
Project("{2150E333-8FDC-42A3-9474-1A3956D46DE8}") = "Entities", "Entities", "{7195E374-D32B-46ED-80AE-9A1B1D717F47}"
EndProject
Project("{2150E333-8FDC-42A3-9474-1A3956D46DE8}") = "UseCases", "UseCases", "{2F9A508B-415C-4029-8487-637C1DD5BAAB}"
EndProject
Project("{2150E333-8FDC-42A3-9474-1A3956D46DE8}") = "External", "External", "{8CD53F91-3587-4608-8006-AFDF492C956D}"
EndProject
Project("{2150E333-8FDC-42A3-9474-1A3956D46DE8}") = "Controllers", "Controllers", "{9A2FE496-5165-4BBE-A756-0F456F9118F1}"
EndProject
Project("{2150E333-8FDC-42A3-9474-1A3956D46DE8}") = "Gateways", "Gateways", "{32A5D462-5C9B-4089-BC74-C9AE58FB84D8}"
EndProject
Project("{2150E333-8FDC-42A3-9474-1A3956D46DE8}") = "Presenters", "Presenters", "{D0377710-2EFD-45E8-B8F4-D8E145CA961C}"
EndProject
Project("{9A19103F-16F7-4668-BE54-9A1E7A4F7556}") = "Postech8SOAT.FastOrder.UseCases", "src\Postech8SOAT.FastOrder.UseCase\Postech8SOAT.FastOrder.UseCases.csproj", "{38C98A3C-7B54-4A7A-BE56-C2F3FEA3A6E0}"
EndProject
Project("{9A19103F-16F7-4668-BE54-9A1E7A4F7556}") = "Postech8SOAT.FastOrder.Infra.IOC", "src\Postech8SOAT.FastOrder.Infra.IOC\Postech8SOAT.FastOrder.Infra.IOC.csproj", "{E098BC15-2D24-4375-8EBE-74ADE68318CE}"
EndProject
Project("{9A19103F-16F7-4668-BE54-9A1E7A4F7556}") = "Postech8SOAT.FastOrder.Controllers", "src\Postech8SOAT.FastOrder.Controllers\Postech8SOAT.FastOrder.Controllers.csproj", "{504BE96A-C1B0-4B7A-AC21-0A0AFC6219F8}"
EndProject
Project("{9A19103F-16F7-4668-BE54-9A1E7A4F7556}") = "Postech8SOAT.FastOrder.Gateways", "src\Postech8SOAT.FastOrder.Gateways\Postech8SOAT.FastOrder.Gateways.csproj", "{61A87A23-4B9F-402F-8465-504481CC54C8}"
EndProject
Project("{9A19103F-16F7-4668-BE54-9A1E7A4F7556}") = "Postech8SOAT.FastOrder.Presenters", "src\Postech8SOAT.FastOrder.Presenters\Postech8SOAT.FastOrder.Presenters.csproj", "{2C6F51D6-66FC-44EE-A1A2-C28A68189D8F}"
EndProject
Project("{9A19103F-16F7-4668-BE54-9A1E7A4F7556}") = "Postech8SOAT.FastOrder.WebAPI", "src\Postech8SOAT.FastOrder.WebAPI\Postech8SOAT.FastOrder.WebAPI.csproj", "{6A76FC94-678B-41D1-9974-B4B46AA7CA2A}"
EndProject
Project("{9A19103F-16F7-4668-BE54-9A1E7A4F7556}") = "Postech8SOAT.FastOrder.Infra.Data", "src\Postech8SOAT.FastOrder.Infra.Data\Postech8SOAT.FastOrder.Infra.Data.csproj", "{86A55B13-C99C-4BAF-B170-5AC78CE5048D}"
EndProject
Project("{E53339B2-1760-4266-BCC7-CA923CBCF16C}") = "docker-compose", "docker-compose.dcproj", "{B2FAE668-3090-413D-9891-A082A87C63D6}"
EndProject
Project("{2150E333-8FDC-42A3-9474-1A3956D46DE8}") = "Libraries", "Libraries", "{20221D5B-5149-49B7-90B6-203964546002}"
EndProject
Project("{9A19103F-16F7-4668-BE54-9A1E7A4F7556}") = "CleanArch.UseCase", "src\CleanArch.UseCase\CleanArch.UseCase.csproj", "{A6B082AC-3219-4A62-A2A4-8E1A572B78EE}"
EndProject
Project("{9A19103F-16F7-4668-BE54-9A1E7A4F7556}") = "Postech8SOAT.FastOrder.Types", "src\Postech8SOAT.FastOrder.Types\Postech8SOAT.FastOrder.Types.csproj", "{9F6DEE7A-CBE6-4C45-903B-E65E1589B185}"
EndProject
Project("{9A19103F-16F7-4668-BE54-9A1E7A4F7556}") = "Postech8SOAT.FastOrder.Upstream", "src\Postech8SOAT.FastOrder.Upstream\Postech8SOAT.FastOrder.Upstream.csproj", "{85348F60-50A9-4961-93F1-B9E34B4605C5}"
EndProject
Project("{2150E333-8FDC-42A3-9474-1A3956D46DE8}") = "Solution Items", "Solution Items", "{748CE42E-96B9-48DB-A451-9D710F87F50A}"
	ProjectSection(SolutionItems) = preProject
		.env.example = .env.example
	EndProjectSection
EndProject
Project("{9A19103F-16F7-4668-BE54-9A1E7A4F7556}") = "Postech8SOAT.FastOrder.Infra.Env", "src\Postech8SOAT.FastOrder.Infra.Environment\Postech8SOAT.FastOrder.Infra.Env.csproj", "{DBF601BA-6527-4074-A761-ACA7FFA5CBA0}"
EndProject
Global
	GlobalSection(SolutionConfigurationPlatforms) = preSolution
		Debug|Any CPU = Debug|Any CPU
		Release|Any CPU = Release|Any CPU
	EndGlobalSection
	GlobalSection(ProjectConfigurationPlatforms) = postSolution
		{BDF8CA58-BB42-448E-8C5F-BC5708AA341A}.Debug|Any CPU.ActiveCfg = Debug|Any CPU
		{BDF8CA58-BB42-448E-8C5F-BC5708AA341A}.Debug|Any CPU.Build.0 = Debug|Any CPU
		{BDF8CA58-BB42-448E-8C5F-BC5708AA341A}.Release|Any CPU.ActiveCfg = Release|Any CPU
		{BDF8CA58-BB42-448E-8C5F-BC5708AA341A}.Release|Any CPU.Build.0 = Release|Any CPU
		{0636A284-7C85-4AB1-9F33-D4FBD263090A}.Debug|Any CPU.ActiveCfg = Debug|Any CPU
		{0636A284-7C85-4AB1-9F33-D4FBD263090A}.Debug|Any CPU.Build.0 = Debug|Any CPU
		{0636A284-7C85-4AB1-9F33-D4FBD263090A}.Release|Any CPU.ActiveCfg = Release|Any CPU
		{0636A284-7C85-4AB1-9F33-D4FBD263090A}.Release|Any CPU.Build.0 = Release|Any CPU
		{38C98A3C-7B54-4A7A-BE56-C2F3FEA3A6E0}.Debug|Any CPU.ActiveCfg = Debug|Any CPU
		{38C98A3C-7B54-4A7A-BE56-C2F3FEA3A6E0}.Debug|Any CPU.Build.0 = Debug|Any CPU
		{38C98A3C-7B54-4A7A-BE56-C2F3FEA3A6E0}.Release|Any CPU.ActiveCfg = Release|Any CPU
		{38C98A3C-7B54-4A7A-BE56-C2F3FEA3A6E0}.Release|Any CPU.Build.0 = Release|Any CPU
		{E098BC15-2D24-4375-8EBE-74ADE68318CE}.Debug|Any CPU.ActiveCfg = Debug|Any CPU
		{E098BC15-2D24-4375-8EBE-74ADE68318CE}.Debug|Any CPU.Build.0 = Debug|Any CPU
		{E098BC15-2D24-4375-8EBE-74ADE68318CE}.Release|Any CPU.ActiveCfg = Release|Any CPU
		{E098BC15-2D24-4375-8EBE-74ADE68318CE}.Release|Any CPU.Build.0 = Release|Any CPU
		{504BE96A-C1B0-4B7A-AC21-0A0AFC6219F8}.Debug|Any CPU.ActiveCfg = Debug|Any CPU
		{504BE96A-C1B0-4B7A-AC21-0A0AFC6219F8}.Debug|Any CPU.Build.0 = Debug|Any CPU
		{504BE96A-C1B0-4B7A-AC21-0A0AFC6219F8}.Release|Any CPU.ActiveCfg = Release|Any CPU
		{504BE96A-C1B0-4B7A-AC21-0A0AFC6219F8}.Release|Any CPU.Build.0 = Release|Any CPU
		{61A87A23-4B9F-402F-8465-504481CC54C8}.Debug|Any CPU.ActiveCfg = Debug|Any CPU
		{61A87A23-4B9F-402F-8465-504481CC54C8}.Debug|Any CPU.Build.0 = Debug|Any CPU
		{61A87A23-4B9F-402F-8465-504481CC54C8}.Release|Any CPU.ActiveCfg = Release|Any CPU
		{61A87A23-4B9F-402F-8465-504481CC54C8}.Release|Any CPU.Build.0 = Release|Any CPU
		{2C6F51D6-66FC-44EE-A1A2-C28A68189D8F}.Debug|Any CPU.ActiveCfg = Debug|Any CPU
		{2C6F51D6-66FC-44EE-A1A2-C28A68189D8F}.Debug|Any CPU.Build.0 = Debug|Any CPU
		{2C6F51D6-66FC-44EE-A1A2-C28A68189D8F}.Release|Any CPU.ActiveCfg = Release|Any CPU
		{2C6F51D6-66FC-44EE-A1A2-C28A68189D8F}.Release|Any CPU.Build.0 = Release|Any CPU
		{6A76FC94-678B-41D1-9974-B4B46AA7CA2A}.Debug|Any CPU.ActiveCfg = Debug|Any CPU
		{6A76FC94-678B-41D1-9974-B4B46AA7CA2A}.Debug|Any CPU.Build.0 = Debug|Any CPU
		{6A76FC94-678B-41D1-9974-B4B46AA7CA2A}.Release|Any CPU.ActiveCfg = Release|Any CPU
		{6A76FC94-678B-41D1-9974-B4B46AA7CA2A}.Release|Any CPU.Build.0 = Release|Any CPU
		{86A55B13-C99C-4BAF-B170-5AC78CE5048D}.Debug|Any CPU.ActiveCfg = Debug|Any CPU
		{86A55B13-C99C-4BAF-B170-5AC78CE5048D}.Debug|Any CPU.Build.0 = Debug|Any CPU
		{86A55B13-C99C-4BAF-B170-5AC78CE5048D}.Release|Any CPU.ActiveCfg = Release|Any CPU
		{86A55B13-C99C-4BAF-B170-5AC78CE5048D}.Release|Any CPU.Build.0 = Release|Any CPU
		{B2FAE668-3090-413D-9891-A082A87C63D6}.Debug|Any CPU.ActiveCfg = Debug|Any CPU
		{B2FAE668-3090-413D-9891-A082A87C63D6}.Debug|Any CPU.Build.0 = Debug|Any CPU
		{B2FAE668-3090-413D-9891-A082A87C63D6}.Release|Any CPU.ActiveCfg = Release|Any CPU
		{B2FAE668-3090-413D-9891-A082A87C63D6}.Release|Any CPU.Build.0 = Release|Any CPU
		{A6B082AC-3219-4A62-A2A4-8E1A572B78EE}.Debug|Any CPU.ActiveCfg = Debug|Any CPU
		{A6B082AC-3219-4A62-A2A4-8E1A572B78EE}.Debug|Any CPU.Build.0 = Debug|Any CPU
		{A6B082AC-3219-4A62-A2A4-8E1A572B78EE}.Release|Any CPU.ActiveCfg = Release|Any CPU
		{A6B082AC-3219-4A62-A2A4-8E1A572B78EE}.Release|Any CPU.Build.0 = Release|Any CPU
		{9F6DEE7A-CBE6-4C45-903B-E65E1589B185}.Debug|Any CPU.ActiveCfg = Debug|Any CPU
		{9F6DEE7A-CBE6-4C45-903B-E65E1589B185}.Debug|Any CPU.Build.0 = Debug|Any CPU
		{9F6DEE7A-CBE6-4C45-903B-E65E1589B185}.Release|Any CPU.ActiveCfg = Release|Any CPU
		{9F6DEE7A-CBE6-4C45-903B-E65E1589B185}.Release|Any CPU.Build.0 = Release|Any CPU
		{85348F60-50A9-4961-93F1-B9E34B4605C5}.Debug|Any CPU.ActiveCfg = Debug|Any CPU
		{85348F60-50A9-4961-93F1-B9E34B4605C5}.Debug|Any CPU.Build.0 = Debug|Any CPU
		{85348F60-50A9-4961-93F1-B9E34B4605C5}.Release|Any CPU.ActiveCfg = Release|Any CPU
		{85348F60-50A9-4961-93F1-B9E34B4605C5}.Release|Any CPU.Build.0 = Release|Any CPU
		{DBF601BA-6527-4074-A761-ACA7FFA5CBA0}.Debug|Any CPU.ActiveCfg = Debug|Any CPU
		{DBF601BA-6527-4074-A761-ACA7FFA5CBA0}.Debug|Any CPU.Build.0 = Debug|Any CPU
		{DBF601BA-6527-4074-A761-ACA7FFA5CBA0}.Release|Any CPU.ActiveCfg = Release|Any CPU
		{DBF601BA-6527-4074-A761-ACA7FFA5CBA0}.Release|Any CPU.Build.0 = Release|Any CPU
	EndGlobalSection
	GlobalSection(SolutionProperties) = preSolution
		HideSolutionNode = FALSE
	EndGlobalSection
	GlobalSection(NestedProjects) = preSolution
		{ABD9DB63-E0D5-4CAA-B700-0254974C4BB3} = {160B3DDE-C639-4B1C-A85B-692C8D4A23A9}
		{F7D0C19B-4CA6-457C-92EA-CEBEE363A28F} = {160B3DDE-C639-4B1C-A85B-692C8D4A23A9}
		{BDF8CA58-BB42-448E-8C5F-BC5708AA341A} = {7195E374-D32B-46ED-80AE-9A1B1D717F47}
		{0636A284-7C85-4AB1-9F33-D4FBD263090A} = {4A3D97B3-2F7C-41B7-87CD-E376FD88B288}
		{7195E374-D32B-46ED-80AE-9A1B1D717F47} = {F7D0C19B-4CA6-457C-92EA-CEBEE363A28F}
		{2F9A508B-415C-4029-8487-637C1DD5BAAB} = {F7D0C19B-4CA6-457C-92EA-CEBEE363A28F}
		{8CD53F91-3587-4608-8006-AFDF492C956D} = {160B3DDE-C639-4B1C-A85B-692C8D4A23A9}
		{9A2FE496-5165-4BBE-A756-0F456F9118F1} = {ABD9DB63-E0D5-4CAA-B700-0254974C4BB3}
		{32A5D462-5C9B-4089-BC74-C9AE58FB84D8} = {ABD9DB63-E0D5-4CAA-B700-0254974C4BB3}
		{D0377710-2EFD-45E8-B8F4-D8E145CA961C} = {ABD9DB63-E0D5-4CAA-B700-0254974C4BB3}
		{38C98A3C-7B54-4A7A-BE56-C2F3FEA3A6E0} = {2F9A508B-415C-4029-8487-637C1DD5BAAB}
		{E098BC15-2D24-4375-8EBE-74ADE68318CE} = {8CD53F91-3587-4608-8006-AFDF492C956D}
		{504BE96A-C1B0-4B7A-AC21-0A0AFC6219F8} = {9A2FE496-5165-4BBE-A756-0F456F9118F1}
		{61A87A23-4B9F-402F-8465-504481CC54C8} = {32A5D462-5C9B-4089-BC74-C9AE58FB84D8}
		{2C6F51D6-66FC-44EE-A1A2-C28A68189D8F} = {D0377710-2EFD-45E8-B8F4-D8E145CA961C}
		{6A76FC94-678B-41D1-9974-B4B46AA7CA2A} = {8CD53F91-3587-4608-8006-AFDF492C956D}
		{86A55B13-C99C-4BAF-B170-5AC78CE5048D} = {8CD53F91-3587-4608-8006-AFDF492C956D}
		{A6B082AC-3219-4A62-A2A4-8E1A572B78EE} = {20221D5B-5149-49B7-90B6-203964546002}
		{9F6DEE7A-CBE6-4C45-903B-E65E1589B185} = {20221D5B-5149-49B7-90B6-203964546002}
		{85348F60-50A9-4961-93F1-B9E34B4605C5} = {8CD53F91-3587-4608-8006-AFDF492C956D}
		{DBF601BA-6527-4074-A761-ACA7FFA5CBA0} = {8CD53F91-3587-4608-8006-AFDF492C956D}
	EndGlobalSection
	GlobalSection(ExtensibilityGlobals) = postSolution
		SolutionGuid = {290B78A1-7B91-4DC6-AB6E-64D81B6C5F7D}
	EndGlobalSection
EndGlobal
